
Microsoft Visual Studio Solution File, Format Version 12.00
# Visual Studio Version 17
VisualStudioVersion = 17.13.35825.156
MinimumVisualStudioVersion = 10.0.40219.1
Project("{FAE04EC0-301F-11D3-BF4B-00C04F79EFBC}") = "ASP NET 01. Web App example", "ASP NET 01. Web App example\ASP NET 01. Web App example.csproj", "{1FFED43F-A859-476C-AE20-683CAEB5E315}"
EndProject
Project("{2150E333-8FDC-42A3-9474-1A3956D46DE8}") = "ASP NET 01", "ASP NET 01", "{02EA681E-C7D8-13C7-8484-4AC65E1B71E8}"
EndProject
Project("{FAE04EC0-301F-11D3-BF4B-00C04F79EFBC}") = "ASP NET 01. MVC Example", "ASP NET 01. MVC Example\ASP NET 01. MVC Example.csproj", "{DD8CC4C6-A8B9-4E09-B079-986F61637A62}"
EndProject
Project("{FAE04EC0-301F-11D3-BF4B-00C04F79EFBC}") = "ASP NET 01. Web API example", "ASP NET 01. Web API example\ASP NET 01. Web API example.csproj", "{384068AA-C2A6-40DD-9FC7-3B2C314DE210}"
EndProject
Project("{FAE04EC0-301F-11D3-BF4B-00C04F79EFBC}") = "ASP NET 01. Mini Http web server", "ASP NET 01. Mini Http web server\ASP NET 01. Mini Http web server.csproj", "{CFF0CCA4-8549-4151-B82A-40E38AE61872}"
EndProject
Project("{2150E333-8FDC-42A3-9474-1A3956D46DE8}") = "ASP NET 02", "ASP NET 02", "{8639AA2C-584E-4ADE-A40A-182AFA4090F7}"
EndProject
Project("{FAE04EC0-301F-11D3-BF4B-00C04F79EFBC}") = "ASP NET 02. CoR", "ASP NET 02. CoR\ASP NET 02. CoR.csproj", "{CF112CA7-63E6-43A4-A2FC-9F428B77A641}"
EndProject
Project("{FAE04EC0-301F-11D3-BF4B-00C04F79EFBC}") = "ASP NET 02. Mini ASP", "ASP NET 02. Mini ASP\ASP NET 02. Mini ASP.csproj", "{E0146026-3080-4843-BF2D-F5DBBA7B6A39}"
EndProject
Project("{FAE04EC0-301F-11D3-BF4B-00C04F79EFBC}") = "ASP NET 02. Dependency injection", "ASP NET 02. Dependency injection\ASP NET 02. Dependency injection.csproj", "{222EA070-1E25-4BEB-9819-8844BA851A82}"
EndProject
Project("{2150E333-8FDC-42A3-9474-1A3956D46DE8}") = "ASP NET 03", "ASP NET 03", "{4D6DC89D-559E-422A-8A16-7053A597B583}"
EndProject
Project("{FAE04EC0-301F-11D3-BF4B-00C04F79EFBC}") = "ASP NET 03. Dependency Injection - Services", "ASP NET 03. Dependency Injection - Services\ASP NET 03. Dependency Injection - Services.csproj", "{6F45E862-A050-4F24-A858-EEE32B2C449F}"
EndProject
Project("{FAE04EC0-301F-11D3-BF4B-00C04F79EFBC}") = "ASP NET 03. Razor Pages", "ASP NET 03. Razor Pages\ASP NET 03. Razor Pages.csproj", "{540E8972-A63A-4E4B-B0D9-797CCD257DE1}"
EndProject
Project("{FAE04EC0-301F-11D3-BF4B-00C04F79EFBC}") = "ASP NET 03. Razor Pages Product site", "ASP NET 03. Razor Pages Product site\ASP NET 03. Razor Pages Product site.csproj", "{A2D69A3E-5911-444E-A4F8-B198954A9993}"
EndProject
Project("{2150E333-8FDC-42A3-9474-1A3956D46DE8}") = "ASP NET 04", "ASP NET 04", "{67FC2835-00FF-4049-A8AB-6090C068DB4E}"
EndProject
Project("{FAE04EC0-301F-11D3-BF4B-00C04F79EFBC}") = "ASP 04. MVC Product Site", "ASP 04. MVC Product Site\ASP 04. MVC Product Site.csproj", "{855EB9F1-929D-4389-90CB-7ECE07C85B0B}"
EndProject
Project("{FAE04EC0-301F-11D3-BF4B-00C04F79EFBC}") = "ASP NET 04. MVC Products - scaffold", "ASP NET 04. MVC Products - scaffold\ASP NET 04. MVC Products - scaffold.csproj", "{52AD513F-2BE1-4585-8FE4-78FDC885C274}"
EndProject
Project("{2150E333-8FDC-42A3-9474-1A3956D46DE8}") = "ASP NET 05", "ASP NET 05", "{21EC08E1-4950-4C76-B88F-C33E4B6E3654}"
EndProject
Project("{FAE04EC0-301F-11D3-BF4B-00C04F79EFBC}") = "ASP NET 05. ASP Filters", "ASP NET 05. ASP Filters\ASP NET 05. ASP Filters.csproj", "{5955DACF-9E42-46F4-9CF3-491A6B749BF3}"
EndProject
Project("{FAE04EC0-301F-11D3-BF4B-00C04F79EFBC}") = "ASP NET 05. Html Helpers", "ASP NET 05. Html Helpers\ASP NET 05. Html Helpers.csproj", "{5033BF83-1D50-4804-A5E8-87EDBFAC56E8}"
EndProject
Project("{2150E333-8FDC-42A3-9474-1A3956D46DE8}") = "ASP NET 06", "ASP NET 06", "{E2904AD3-F48F-427D-BE9D-F7D316FA2ED9}"
EndProject
Project("{FAE04EC0-301F-11D3-BF4B-00C04F79EFBC}") = "ASP NET 06. Pagination Filtering Ordering", "ASP NET 06. Pagination Filtering Ordering\ASP NET 06. Pagination Filtering Ordering.csproj", "{88FCC0D6-4D17-4A98-8C72-92B70B6BFF10}"
EndProject
Project("{2150E333-8FDC-42A3-9474-1A3956D46DE8}") = "ASP NET 07", "ASP NET 07", "{2AE4ACB8-93A0-4EB6-8B36-4BE3D942E7C7}"
EndProject
Project("{FAE04EC0-301F-11D3-BF4B-00C04F79EFBC}") = "ASP NET 07. TaskFlow introduction", "ASP NET 07. TaskFlow introduction\ASP NET 07. TaskFlow introduction.csproj", "{F5AE6976-45E9-4E6C-8B76-D1C6D7CF8FAE}"
EndProject
Project("{2150E333-8FDC-42A3-9474-1A3956D46DE8}") = "ASP NET 08", "ASP NET 08", "{1FC846CD-DD5F-4371-883B-DEC9922FF0E3}"
EndProject
Project("{FAE04EC0-301F-11D3-BF4B-00C04F79EFBC}") = "ASP NET 08. TaskFLow DTO", "ASP NET 08. TaskFLow DTO\ASP NET 08. TaskFLow DTO.csproj", "{13399F04-3090-4D98-AD72-09FA01C6ED42}"
EndProject
Project("{2150E333-8FDC-42A3-9474-1A3956D46DE8}") = "ASP NET 09", "ASP NET 09", "{D30F2BFC-5C3C-44E5-ACE6-89A33DF6BE6C}"
EndProject
Project("{FAE04EC0-301F-11D3-BF4B-00C04F79EFBC}") = "ASP NET 09. TaskFlow AutoMapper", "ASP NET 09. TaskFlow AutoMapper\ASP NET 09. TaskFlow AutoMapper.csproj", "{D26ECCC4-045F-412B-B242-BF2187F359C0}"
EndProject
Project("{FAE04EC0-301F-11D3-BF4B-00C04F79EFBC}") = "ASP NET 09. TaskFlow Swagger documentation", "ASP NET 09. TaskFlow Swagger documentation\ASP NET 09. TaskFlow Swagger documentation.csproj", "{97764CAD-44A0-47FF-9994-3B91DD39B8BE}"
EndProject
Project("{2150E333-8FDC-42A3-9474-1A3956D46DE8}") = "ASP NET 10", "ASP NET 10", "{FB38E4E9-22AA-4335-A0A5-3E98C5A94ED6}"
EndProject
Project("{FAE04EC0-301F-11D3-BF4B-00C04F79EFBC}") = "ASP NET 10. TaskFlow Pagination Filtering Ordering", "ASP NET 10. TaskFlow Pagination Filtering Ordering\ASP NET 10. TaskFlow Pagination Filtering Ordering.csproj", "{1CB9D9AE-0861-481E-9418-A2B02C578C6A}"
EndProject
Project("{2150E333-8FDC-42A3-9474-1A3956D46DE8}") = "ASP NET 11", "ASP NET 11", "{185018D0-7E14-4A9C-A4A7-EB7BDCEB391F}"
EndProject
Project("{FAE04EC0-301F-11D3-BF4B-00C04F79EFBC}") = "ASP NET 11. Validation", "ASP NET 11. Validation\ASP NET 11. Validation.csproj", "{495ED3EF-3415-4DDB-B42F-6947F4057C1D}"
EndProject
Project("{2150E333-8FDC-42A3-9474-1A3956D46DE8}") = "ASP NET 12", "ASP NET 12", "{1D39E270-E0EC-484E-82A8-726590B633C6}"
EndProject
Project("{FAE04EC0-301F-11D3-BF4B-00C04F79EFBC}") = "ASP NET 12. TaskFlow Authentication and Authorization", "ASP NET 12. TaskFlow Authentication and Authorization\ASP NET 12. TaskFlow Authentication and Authorization.csproj", "{D2753301-AFB4-4527-9BB7-6D9E14860B74}"
EndProject
Project("{2150E333-8FDC-42A3-9474-1A3956D46DE8}") = "ASP NET 14", "ASP NET 14", "{21CCD08F-19AC-4301-A2A3-024545181528}"
EndProject
Project("{FAE04EC0-301F-11D3-BF4B-00C04F79EFBC}") = "ASP NET 14. TaskFlow Refresh Token", "ASP NET 14. TaskFlow Refresh Token\ASP NET 14. TaskFlow Refresh Token.csproj", "{F9FC2C25-7CF4-4D3C-A184-5C38F50BBB20}"
EndProject
Project("{2150E333-8FDC-42A3-9474-1A3956D46DE8}") = "ASP NET 15", "ASP NET 15", "{810A5ABE-E887-4C91-8E56-867890CB0BD8}"
EndProject
Project("{FAE04EC0-301F-11D3-BF4B-00C04F79EFBC}") = "ASP NET 16. TaskFlow with ownership", "ASP NET 16. TaskFlow with ownership\ASP NET 16. TaskFlow with ownership.csproj", "{0D0CA468-8363-499D-89F2-9FF19FB170DF}"
EndProject
Project("{2150E333-8FDC-42A3-9474-1A3956D46DE8}") = "ASP NET 18", "ASP NET 18", "{03BE8000-3F53-4DC2-B00F-DAB58811FEB6}"
EndProject
Project("{FAE04EC0-301F-11D3-BF4B-00C04F79EFBC}") = "ASP NET 18. TaskFlow Refactoring", "ASP NET 18. TaskFlow Refactoring\ASP NET 18. TaskFlow Refactoring.csproj", "{587E96DC-1D4E-43B6-9CF6-8318C378D0ED}"
EndProject
Project("{2150E333-8FDC-42A3-9474-1A3956D46DE8}") = "ASP NET 20", "ASP NET 20", "{7227049F-178C-46EC-815E-7B2866A133DA}"
EndProject
Project("{FAE04EC0-301F-11D3-BF4B-00C04F79EFBC}") = "ASP NET 20. TaskFlow FIle attachment", "ASP NET 20. TaskFlow FIle attachment\ASP NET 20. TaskFlow FIle attachment.csproj", "{AE04EF7F-80C9-4C38-A03E-7EF40A384428}"
EndProject
Project("{2150E333-8FDC-42A3-9474-1A3956D46DE8}") = "ASP NET 21", "ASP NET 21", "{DCB52C1A-C5D5-4375-A803-0EE24416CB29}"
EndProject
Project("{2150E333-8FDC-42A3-9474-1A3956D46DE8}") = "TaskFlow Layered", "TaskFlow Layered", "{FED91C64-0617-454D-926D-7B38D3754EE0}"
EndProject
Project("{FAE04EC0-301F-11D3-BF4B-00C04F79EFBC}") = "ASP NET 21. TaskFlow.Models", "ASP NET 21. TaskFlow.Models\ASP NET 21. TaskFlow.Models.csproj", "{0F1980D2-3A3D-4ABA-B6A0-1855CBA0E782}"
EndProject
Project("{FAE04EC0-301F-11D3-BF4B-00C04F79EFBC}") = "ASP NET 21. TaskFlow.Data", "ASP NET 21. TaskFlow.Data\ASP NET 21. TaskFlow.Data.csproj", "{1A1039AB-881D-4777-B35B-08EF2994BA5D}"
EndProject
Project("{FAE04EC0-301F-11D3-BF4B-00C04F79EFBC}") = "ASP NET 21. TaskFlow.DAL", "ASP NET 21. TaskFlow.DAL\ASP NET 21. TaskFlow.DAL.csproj", "{AD767EBD-5270-49A8-89FF-EFD0D08679E6}"
EndProject
Project("{FAE04EC0-301F-11D3-BF4B-00C04F79EFBC}") = "ASP NET 21. TaskFlow.BLL", "ASP NET 21. TaskFlow.BLL\ASP NET 21. TaskFlow.BLL.csproj", "{55888716-410D-4CAF-891A-E6D750882002}"
EndProject
Project("{FAE04EC0-301F-11D3-BF4B-00C04F79EFBC}") = "ASP NET 21. TaskFlow.API", "ASP NET 21. TaskFlow.API\ASP NET 21. TaskFlow.API.csproj", "{36B41192-B5B5-4994-BEA9-42D453142C62}"
EndProject
Global
	GlobalSection(SolutionConfigurationPlatforms) = preSolution
		Debug|Any CPU = Debug|Any CPU
		Release|Any CPU = Release|Any CPU
	EndGlobalSection
	GlobalSection(ProjectConfigurationPlatforms) = postSolution
		{1FFED43F-A859-476C-AE20-683CAEB5E315}.Debug|Any CPU.ActiveCfg = Debug|Any CPU
		{1FFED43F-A859-476C-AE20-683CAEB5E315}.Debug|Any CPU.Build.0 = Debug|Any CPU
		{1FFED43F-A859-476C-AE20-683CAEB5E315}.Release|Any CPU.ActiveCfg = Release|Any CPU
		{1FFED43F-A859-476C-AE20-683CAEB5E315}.Release|Any CPU.Build.0 = Release|Any CPU
		{DD8CC4C6-A8B9-4E09-B079-986F61637A62}.Debug|Any CPU.ActiveCfg = Debug|Any CPU
		{DD8CC4C6-A8B9-4E09-B079-986F61637A62}.Debug|Any CPU.Build.0 = Debug|Any CPU
		{DD8CC4C6-A8B9-4E09-B079-986F61637A62}.Release|Any CPU.ActiveCfg = Release|Any CPU
		{DD8CC4C6-A8B9-4E09-B079-986F61637A62}.Release|Any CPU.Build.0 = Release|Any CPU
		{384068AA-C2A6-40DD-9FC7-3B2C314DE210}.Debug|Any CPU.ActiveCfg = Debug|Any CPU
		{384068AA-C2A6-40DD-9FC7-3B2C314DE210}.Debug|Any CPU.Build.0 = Debug|Any CPU
		{384068AA-C2A6-40DD-9FC7-3B2C314DE210}.Release|Any CPU.ActiveCfg = Release|Any CPU
		{384068AA-C2A6-40DD-9FC7-3B2C314DE210}.Release|Any CPU.Build.0 = Release|Any CPU
		{CFF0CCA4-8549-4151-B82A-40E38AE61872}.Debug|Any CPU.ActiveCfg = Debug|Any CPU
		{CFF0CCA4-8549-4151-B82A-40E38AE61872}.Debug|Any CPU.Build.0 = Debug|Any CPU
		{CFF0CCA4-8549-4151-B82A-40E38AE61872}.Release|Any CPU.ActiveCfg = Release|Any CPU
		{CFF0CCA4-8549-4151-B82A-40E38AE61872}.Release|Any CPU.Build.0 = Release|Any CPU
		{CF112CA7-63E6-43A4-A2FC-9F428B77A641}.Debug|Any CPU.ActiveCfg = Debug|Any CPU
		{CF112CA7-63E6-43A4-A2FC-9F428B77A641}.Debug|Any CPU.Build.0 = Debug|Any CPU
		{CF112CA7-63E6-43A4-A2FC-9F428B77A641}.Release|Any CPU.ActiveCfg = Release|Any CPU
		{CF112CA7-63E6-43A4-A2FC-9F428B77A641}.Release|Any CPU.Build.0 = Release|Any CPU
		{E0146026-3080-4843-BF2D-F5DBBA7B6A39}.Debug|Any CPU.ActiveCfg = Debug|Any CPU
		{E0146026-3080-4843-BF2D-F5DBBA7B6A39}.Debug|Any CPU.Build.0 = Debug|Any CPU
		{E0146026-3080-4843-BF2D-F5DBBA7B6A39}.Release|Any CPU.ActiveCfg = Release|Any CPU
		{E0146026-3080-4843-BF2D-F5DBBA7B6A39}.Release|Any CPU.Build.0 = Release|Any CPU
		{222EA070-1E25-4BEB-9819-8844BA851A82}.Debug|Any CPU.ActiveCfg = Debug|Any CPU
		{222EA070-1E25-4BEB-9819-8844BA851A82}.Debug|Any CPU.Build.0 = Debug|Any CPU
		{222EA070-1E25-4BEB-9819-8844BA851A82}.Release|Any CPU.ActiveCfg = Release|Any CPU
		{222EA070-1E25-4BEB-9819-8844BA851A82}.Release|Any CPU.Build.0 = Release|Any CPU
		{6F45E862-A050-4F24-A858-EEE32B2C449F}.Debug|Any CPU.ActiveCfg = Debug|Any CPU
		{6F45E862-A050-4F24-A858-EEE32B2C449F}.Debug|Any CPU.Build.0 = Debug|Any CPU
		{6F45E862-A050-4F24-A858-EEE32B2C449F}.Release|Any CPU.ActiveCfg = Release|Any CPU
		{6F45E862-A050-4F24-A858-EEE32B2C449F}.Release|Any CPU.Build.0 = Release|Any CPU
		{540E8972-A63A-4E4B-B0D9-797CCD257DE1}.Debug|Any CPU.ActiveCfg = Debug|Any CPU
		{540E8972-A63A-4E4B-B0D9-797CCD257DE1}.Debug|Any CPU.Build.0 = Debug|Any CPU
		{540E8972-A63A-4E4B-B0D9-797CCD257DE1}.Release|Any CPU.ActiveCfg = Release|Any CPU
		{540E8972-A63A-4E4B-B0D9-797CCD257DE1}.Release|Any CPU.Build.0 = Release|Any CPU
		{A2D69A3E-5911-444E-A4F8-B198954A9993}.Debug|Any CPU.ActiveCfg = Debug|Any CPU
		{A2D69A3E-5911-444E-A4F8-B198954A9993}.Debug|Any CPU.Build.0 = Debug|Any CPU
		{A2D69A3E-5911-444E-A4F8-B198954A9993}.Release|Any CPU.ActiveCfg = Release|Any CPU
		{A2D69A3E-5911-444E-A4F8-B198954A9993}.Release|Any CPU.Build.0 = Release|Any CPU
		{855EB9F1-929D-4389-90CB-7ECE07C85B0B}.Debug|Any CPU.ActiveCfg = Debug|Any CPU
		{855EB9F1-929D-4389-90CB-7ECE07C85B0B}.Debug|Any CPU.Build.0 = Debug|Any CPU
		{855EB9F1-929D-4389-90CB-7ECE07C85B0B}.Release|Any CPU.ActiveCfg = Release|Any CPU
		{855EB9F1-929D-4389-90CB-7ECE07C85B0B}.Release|Any CPU.Build.0 = Release|Any CPU
		{52AD513F-2BE1-4585-8FE4-78FDC885C274}.Debug|Any CPU.ActiveCfg = Debug|Any CPU
		{52AD513F-2BE1-4585-8FE4-78FDC885C274}.Debug|Any CPU.Build.0 = Debug|Any CPU
		{52AD513F-2BE1-4585-8FE4-78FDC885C274}.Release|Any CPU.ActiveCfg = Release|Any CPU
		{52AD513F-2BE1-4585-8FE4-78FDC885C274}.Release|Any CPU.Build.0 = Release|Any CPU
		{5955DACF-9E42-46F4-9CF3-491A6B749BF3}.Debug|Any CPU.ActiveCfg = Debug|Any CPU
		{5955DACF-9E42-46F4-9CF3-491A6B749BF3}.Debug|Any CPU.Build.0 = Debug|Any CPU
		{5955DACF-9E42-46F4-9CF3-491A6B749BF3}.Release|Any CPU.ActiveCfg = Release|Any CPU
		{5955DACF-9E42-46F4-9CF3-491A6B749BF3}.Release|Any CPU.Build.0 = Release|Any CPU
		{5033BF83-1D50-4804-A5E8-87EDBFAC56E8}.Debug|Any CPU.ActiveCfg = Debug|Any CPU
		{5033BF83-1D50-4804-A5E8-87EDBFAC56E8}.Debug|Any CPU.Build.0 = Debug|Any CPU
		{5033BF83-1D50-4804-A5E8-87EDBFAC56E8}.Release|Any CPU.ActiveCfg = Release|Any CPU
		{5033BF83-1D50-4804-A5E8-87EDBFAC56E8}.Release|Any CPU.Build.0 = Release|Any CPU
		{88FCC0D6-4D17-4A98-8C72-92B70B6BFF10}.Debug|Any CPU.ActiveCfg = Debug|Any CPU
		{88FCC0D6-4D17-4A98-8C72-92B70B6BFF10}.Debug|Any CPU.Build.0 = Debug|Any CPU
		{88FCC0D6-4D17-4A98-8C72-92B70B6BFF10}.Release|Any CPU.ActiveCfg = Release|Any CPU
		{88FCC0D6-4D17-4A98-8C72-92B70B6BFF10}.Release|Any CPU.Build.0 = Release|Any CPU
		{F5AE6976-45E9-4E6C-8B76-D1C6D7CF8FAE}.Debug|Any CPU.ActiveCfg = Debug|Any CPU
		{F5AE6976-45E9-4E6C-8B76-D1C6D7CF8FAE}.Debug|Any CPU.Build.0 = Debug|Any CPU
		{F5AE6976-45E9-4E6C-8B76-D1C6D7CF8FAE}.Release|Any CPU.ActiveCfg = Release|Any CPU
		{F5AE6976-45E9-4E6C-8B76-D1C6D7CF8FAE}.Release|Any CPU.Build.0 = Release|Any CPU
		{13399F04-3090-4D98-AD72-09FA01C6ED42}.Debug|Any CPU.ActiveCfg = Debug|Any CPU
		{13399F04-3090-4D98-AD72-09FA01C6ED42}.Debug|Any CPU.Build.0 = Debug|Any CPU
		{13399F04-3090-4D98-AD72-09FA01C6ED42}.Release|Any CPU.ActiveCfg = Release|Any CPU
		{13399F04-3090-4D98-AD72-09FA01C6ED42}.Release|Any CPU.Build.0 = Release|Any CPU
		{D26ECCC4-045F-412B-B242-BF2187F359C0}.Debug|Any CPU.ActiveCfg = Debug|Any CPU
		{D26ECCC4-045F-412B-B242-BF2187F359C0}.Debug|Any CPU.Build.0 = Debug|Any CPU
		{D26ECCC4-045F-412B-B242-BF2187F359C0}.Release|Any CPU.ActiveCfg = Release|Any CPU
		{D26ECCC4-045F-412B-B242-BF2187F359C0}.Release|Any CPU.Build.0 = Release|Any CPU
		{97764CAD-44A0-47FF-9994-3B91DD39B8BE}.Debug|Any CPU.ActiveCfg = Debug|Any CPU
		{97764CAD-44A0-47FF-9994-3B91DD39B8BE}.Debug|Any CPU.Build.0 = Debug|Any CPU
		{97764CAD-44A0-47FF-9994-3B91DD39B8BE}.Release|Any CPU.ActiveCfg = Release|Any CPU
		{97764CAD-44A0-47FF-9994-3B91DD39B8BE}.Release|Any CPU.Build.0 = Release|Any CPU
		{1CB9D9AE-0861-481E-9418-A2B02C578C6A}.Debug|Any CPU.ActiveCfg = Debug|Any CPU
		{1CB9D9AE-0861-481E-9418-A2B02C578C6A}.Debug|Any CPU.Build.0 = Debug|Any CPU
		{1CB9D9AE-0861-481E-9418-A2B02C578C6A}.Release|Any CPU.ActiveCfg = Release|Any CPU
		{1CB9D9AE-0861-481E-9418-A2B02C578C6A}.Release|Any CPU.Build.0 = Release|Any CPU
		{495ED3EF-3415-4DDB-B42F-6947F4057C1D}.Debug|Any CPU.ActiveCfg = Debug|Any CPU
		{495ED3EF-3415-4DDB-B42F-6947F4057C1D}.Debug|Any CPU.Build.0 = Debug|Any CPU
		{495ED3EF-3415-4DDB-B42F-6947F4057C1D}.Release|Any CPU.ActiveCfg = Release|Any CPU
		{495ED3EF-3415-4DDB-B42F-6947F4057C1D}.Release|Any CPU.Build.0 = Release|Any CPU
		{D2753301-AFB4-4527-9BB7-6D9E14860B74}.Debug|Any CPU.ActiveCfg = Debug|Any CPU
		{D2753301-AFB4-4527-9BB7-6D9E14860B74}.Debug|Any CPU.Build.0 = Debug|Any CPU
		{D2753301-AFB4-4527-9BB7-6D9E14860B74}.Release|Any CPU.ActiveCfg = Release|Any CPU
		{D2753301-AFB4-4527-9BB7-6D9E14860B74}.Release|Any CPU.Build.0 = Release|Any CPU
		{F9FC2C25-7CF4-4D3C-A184-5C38F50BBB20}.Debug|Any CPU.ActiveCfg = Debug|Any CPU
		{F9FC2C25-7CF4-4D3C-A184-5C38F50BBB20}.Debug|Any CPU.Build.0 = Debug|Any CPU
		{F9FC2C25-7CF4-4D3C-A184-5C38F50BBB20}.Release|Any CPU.ActiveCfg = Release|Any CPU
		{F9FC2C25-7CF4-4D3C-A184-5C38F50BBB20}.Release|Any CPU.Build.0 = Release|Any CPU
		{0D0CA468-8363-499D-89F2-9FF19FB170DF}.Debug|Any CPU.ActiveCfg = Debug|Any CPU
		{0D0CA468-8363-499D-89F2-9FF19FB170DF}.Debug|Any CPU.Build.0 = Debug|Any CPU
		{0D0CA468-8363-499D-89F2-9FF19FB170DF}.Release|Any CPU.ActiveCfg = Release|Any CPU
		{0D0CA468-8363-499D-89F2-9FF19FB170DF}.Release|Any CPU.Build.0 = Release|Any CPU
		{587E96DC-1D4E-43B6-9CF6-8318C378D0ED}.Debug|Any CPU.ActiveCfg = Debug|Any CPU
		{587E96DC-1D4E-43B6-9CF6-8318C378D0ED}.Debug|Any CPU.Build.0 = Debug|Any CPU
		{587E96DC-1D4E-43B6-9CF6-8318C378D0ED}.Release|Any CPU.ActiveCfg = Release|Any CPU
		{587E96DC-1D4E-43B6-9CF6-8318C378D0ED}.Release|Any CPU.Build.0 = Release|Any CPU
		{AE04EF7F-80C9-4C38-A03E-7EF40A384428}.Debug|Any CPU.ActiveCfg = Debug|Any CPU
		{AE04EF7F-80C9-4C38-A03E-7EF40A384428}.Debug|Any CPU.Build.0 = Debug|Any CPU
		{AE04EF7F-80C9-4C38-A03E-7EF40A384428}.Release|Any CPU.ActiveCfg = Release|Any CPU
		{AE04EF7F-80C9-4C38-A03E-7EF40A384428}.Release|Any CPU.Build.0 = Release|Any CPU
		{0F1980D2-3A3D-4ABA-B6A0-1855CBA0E782}.Debug|Any CPU.ActiveCfg = Debug|Any CPU
		{0F1980D2-3A3D-4ABA-B6A0-1855CBA0E782}.Debug|Any CPU.Build.0 = Debug|Any CPU
		{0F1980D2-3A3D-4ABA-B6A0-1855CBA0E782}.Release|Any CPU.ActiveCfg = Release|Any CPU
		{0F1980D2-3A3D-4ABA-B6A0-1855CBA0E782}.Release|Any CPU.Build.0 = Release|Any CPU
		{1A1039AB-881D-4777-B35B-08EF2994BA5D}.Debug|Any CPU.ActiveCfg = Debug|Any CPU
		{1A1039AB-881D-4777-B35B-08EF2994BA5D}.Debug|Any CPU.Build.0 = Debug|Any CPU
		{1A1039AB-881D-4777-B35B-08EF2994BA5D}.Release|Any CPU.ActiveCfg = Release|Any CPU
		{1A1039AB-881D-4777-B35B-08EF2994BA5D}.Release|Any CPU.Build.0 = Release|Any CPU
		{AD767EBD-5270-49A8-89FF-EFD0D08679E6}.Debug|Any CPU.ActiveCfg = Debug|Any CPU
		{AD767EBD-5270-49A8-89FF-EFD0D08679E6}.Debug|Any CPU.Build.0 = Debug|Any CPU
		{AD767EBD-5270-49A8-89FF-EFD0D08679E6}.Release|Any CPU.ActiveCfg = Release|Any CPU
		{AD767EBD-5270-49A8-89FF-EFD0D08679E6}.Release|Any CPU.Build.0 = Release|Any CPU
		{55888716-410D-4CAF-891A-E6D750882002}.Debug|Any CPU.ActiveCfg = Debug|Any CPU
		{55888716-410D-4CAF-891A-E6D750882002}.Debug|Any CPU.Build.0 = Debug|Any CPU
		{55888716-410D-4CAF-891A-E6D750882002}.Release|Any CPU.ActiveCfg = Release|Any CPU
		{55888716-410D-4CAF-891A-E6D750882002}.Release|Any CPU.Build.0 = Release|Any CPU
		{36B41192-B5B5-4994-BEA9-42D453142C62}.Debug|Any CPU.ActiveCfg = Debug|Any CPU
		{36B41192-B5B5-4994-BEA9-42D453142C62}.Debug|Any CPU.Build.0 = Debug|Any CPU
		{36B41192-B5B5-4994-BEA9-42D453142C62}.Release|Any CPU.ActiveCfg = Release|Any CPU
		{36B41192-B5B5-4994-BEA9-42D453142C62}.Release|Any CPU.Build.0 = Release|Any CPU
	EndGlobalSection
	GlobalSection(SolutionProperties) = preSolution
		HideSolutionNode = FALSE
	EndGlobalSection
	GlobalSection(NestedProjects) = preSolution
		{1FFED43F-A859-476C-AE20-683CAEB5E315} = {02EA681E-C7D8-13C7-8484-4AC65E1B71E8}
		{DD8CC4C6-A8B9-4E09-B079-986F61637A62} = {02EA681E-C7D8-13C7-8484-4AC65E1B71E8}
		{384068AA-C2A6-40DD-9FC7-3B2C314DE210} = {02EA681E-C7D8-13C7-8484-4AC65E1B71E8}
		{CFF0CCA4-8549-4151-B82A-40E38AE61872} = {02EA681E-C7D8-13C7-8484-4AC65E1B71E8}
		{CF112CA7-63E6-43A4-A2FC-9F428B77A641} = {8639AA2C-584E-4ADE-A40A-182AFA4090F7}
		{E0146026-3080-4843-BF2D-F5DBBA7B6A39} = {8639AA2C-584E-4ADE-A40A-182AFA4090F7}
		{222EA070-1E25-4BEB-9819-8844BA851A82} = {8639AA2C-584E-4ADE-A40A-182AFA4090F7}
		{6F45E862-A050-4F24-A858-EEE32B2C449F} = {4D6DC89D-559E-422A-8A16-7053A597B583}
		{540E8972-A63A-4E4B-B0D9-797CCD257DE1} = {4D6DC89D-559E-422A-8A16-7053A597B583}
		{A2D69A3E-5911-444E-A4F8-B198954A9993} = {4D6DC89D-559E-422A-8A16-7053A597B583}
		{855EB9F1-929D-4389-90CB-7ECE07C85B0B} = {67FC2835-00FF-4049-A8AB-6090C068DB4E}
		{52AD513F-2BE1-4585-8FE4-78FDC885C274} = {67FC2835-00FF-4049-A8AB-6090C068DB4E}
		{5955DACF-9E42-46F4-9CF3-491A6B749BF3} = {21EC08E1-4950-4C76-B88F-C33E4B6E3654}
		{5033BF83-1D50-4804-A5E8-87EDBFAC56E8} = {21EC08E1-4950-4C76-B88F-C33E4B6E3654}
		{88FCC0D6-4D17-4A98-8C72-92B70B6BFF10} = {E2904AD3-F48F-427D-BE9D-F7D316FA2ED9}
		{F5AE6976-45E9-4E6C-8B76-D1C6D7CF8FAE} = {2AE4ACB8-93A0-4EB6-8B36-4BE3D942E7C7}
		{13399F04-3090-4D98-AD72-09FA01C6ED42} = {1FC846CD-DD5F-4371-883B-DEC9922FF0E3}
		{D26ECCC4-045F-412B-B242-BF2187F359C0} = {D30F2BFC-5C3C-44E5-ACE6-89A33DF6BE6C}
		{97764CAD-44A0-47FF-9994-3B91DD39B8BE} = {D30F2BFC-5C3C-44E5-ACE6-89A33DF6BE6C}
		{1CB9D9AE-0861-481E-9418-A2B02C578C6A} = {FB38E4E9-22AA-4335-A0A5-3E98C5A94ED6}
		{495ED3EF-3415-4DDB-B42F-6947F4057C1D} = {185018D0-7E14-4A9C-A4A7-EB7BDCEB391F}
		{D2753301-AFB4-4527-9BB7-6D9E14860B74} = {1D39E270-E0EC-484E-82A8-726590B633C6}
		{F9FC2C25-7CF4-4D3C-A184-5C38F50BBB20} = {21CCD08F-19AC-4301-A2A3-024545181528}
		{0D0CA468-8363-499D-89F2-9FF19FB170DF} = {810A5ABE-E887-4C91-8E56-867890CB0BD8}
		{587E96DC-1D4E-43B6-9CF6-8318C378D0ED} = {03BE8000-3F53-4DC2-B00F-DAB58811FEB6}
		{AE04EF7F-80C9-4C38-A03E-7EF40A384428} = {7227049F-178C-46EC-815E-7B2866A133DA}
		{FED91C64-0617-454D-926D-7B38D3754EE0} = {DCB52C1A-C5D5-4375-A803-0EE24416CB29}
		{0F1980D2-3A3D-4ABA-B6A0-1855CBA0E782} = {FED91C64-0617-454D-926D-7B38D3754EE0}
		{1A1039AB-881D-4777-B35B-08EF2994BA5D} = {FED91C64-0617-454D-926D-7B38D3754EE0}
		{AD767EBD-5270-49A8-89FF-EFD0D08679E6} = {FED91C64-0617-454D-926D-7B38D3754EE0}
		{55888716-410D-4CAF-891A-E6D750882002} = {FED91C64-0617-454D-926D-7B38D3754EE0}
		{36B41192-B5B5-4994-BEA9-42D453142C62} = {FED91C64-0617-454D-926D-7B38D3754EE0}
	EndGlobalSection
	GlobalSection(ExtensibilityGlobals) = postSolution
		SolutionGuid = {09C8E7E1-5533-4AA5-B27C-16B8F3B3A9D8}
	EndGlobalSection
EndGlobal
